
Microsoft Visual Studio Solution File, Format Version 12.00
# Visual Studio Version 17
VisualStudioVersion = 17.13.36105.23 d17.13
MinimumVisualStudioVersion = 10.0.40219.1
Project("{FAE04EC0-301F-11D3-BF4B-00C04F79EFBC}") = "BlazorDrawing", "BlazorDrawing.csproj", "{7CD9B425-2457-4938-9E88-AE6C4F4988A6}"
EndProject
Global
	GlobalSection(SolutionConfigurationPlatforms) = preSolution
		Debug|Any CPU = Debug|Any CPU
		Release|Any CPU = Release|Any CPU
	EndGlobalSection
	GlobalSection(ProjectConfigurationPlatforms) = postSolution
		{7CD9B425-2457-4938-9E88-AE6C4F4988A6}.Debug|Any CPU.ActiveCfg = Debug|Any CPU
		{7CD9B425-2457-4938-9E88-AE6C4F4988A6}.Debug|Any CPU.Build.0 = Debug|Any CPU
		{7CD9B425-2457-4938-9E88-AE6C4F4988A6}.Release|Any CPU.ActiveCfg = Release|Any CPU
		{7CD9B425-2457-4938-9E88-AE6C4F4988A6}.Release|Any CPU.Build.0 = Release|Any CPU
	EndGlobalSection
	GlobalSection(SolutionProperties) = preSolution
		HideSolutionNode = FALSE
	EndGlobalSection
	GlobalSection(ExtensibilityGlobals) = postSolution
		SolutionGuid = {D6E5F969-14BD-4745-9E87-9F466642941F}
	EndGlobalSection
EndGlobal
